Microsoft Visual Studio Solution File, Format Version 12.00
# Visual Studio Version 17
VisualStudioVersion = 17.5.33516.290
MinimumVisualStudioVersion = 10.0.40219.1
Project("{9A19103F-16F7-4668-BE54-9A1E7A4F7556}") = "IL.Misc", "Code\IL.Misc.csproj", "{5FBC669A-8D6F-40EB-ADBE-FE64E691CE0B}"
EndProject
Project("{9A19103F-16F7-4668-BE54-9A1E7A4F7556}") = "IL.Misc.Tests", "Tests\IL.Misc.Tests.csproj", "{A179D027-EF22-43B6-91F8-235E1F2DFF37}"
EndProject
Global
	GlobalSection(SolutionConfigurationPlatforms) = preSolution
		Debug|Any CPU = Debug|Any CPU
		Release|Any CPU = Release|Any CPU
	EndGlobalSection
	GlobalSection(ProjectConfigurationPlatforms) = postSolution
		{5FBC669A-8D6F-40EB-ADBE-FE64E691CE0B}.Debug|Any CPU.ActiveCfg = Debug|Any CPU
		{5FBC669A-8D6F-40EB-ADBE-FE64E691CE0B}.Debug|Any CPU.Build.0 = Debug|Any CPU
		{5FBC669A-8D6F-40EB-ADBE-FE64E691CE0B}.Release|Any CPU.ActiveCfg = Release|Any CPU
		{5FBC669A-8D6F-40EB-ADBE-FE64E691CE0B}.Release|Any CPU.Build.0 = Release|Any CPU
		{A179D027-EF22-43B6-91F8-235E1F2DFF37}.Debug|Any CPU.ActiveCfg = Debug|Any CPU
		{A179D027-EF22-43B6-91F8-235E1F2DFF37}.Debug|Any CPU.Build.0 = Debug|Any CPU
		{A179D027-EF22-43B6-91F8-235E1F2DFF37}.Release|Any CPU.ActiveCfg = Release|Any CPU
		{A179D027-EF22-43B6-91F8-235E1F2DFF37}.Release|Any CPU.Build.0 = Release|Any CPU
	EndGlobalSection
	GlobalSection(SolutionProperties) = preSolution
		HideSolutionNode = FALSE
	EndGlobalSection
	GlobalSection(ExtensibilityGlobals) = postSolution
		SolutionGuid = {82A881CE-08E6-463D-A70E-DD4E8851B580}
	EndGlobalSection
EndGlobal
